
Microsoft Visual Studio Solution File, Format Version 12.00
# Visual Studio 2017
Project("{FAE04EC0-301F-11D3-BF4B-00C04F79EFBC}") = "Moto", "Moto.csproj", "{302E2C13-330D-D6F1-152F-D38CA6C6BAA4}"
EndProject
Global
	GlobalSection(SolutionConfigurationPlatforms) = preSolution
		Debug|Any CPU = Debug|Any CPU
		Release|Any CPU = Release|Any CPU
	EndGlobalSection
	GlobalSection(ProjectConfigurationPlatforms) = postSolution
		{302E2C13-330D-D6F1-152F-D38CA6C6BAA4}.Debug|Any CPU.ActiveCfg = Debug|Any CPU
		{302E2C13-330D-D6F1-152F-D38CA6C6BAA4}.Debug|Any CPU.Build.0 = Debug|Any CPU
		{302E2C13-330D-D6F1-152F-D38CA6C6BAA4}.Release|Any CPU.ActiveCfg = Release|Any CPU
		{302E2C13-330D-D6F1-152F-D38CA6C6BAA4}.Release|Any CPU.Build.0 = Release|Any CPU
	EndGlobalSection
	GlobalSection(SolutionProperties) = preSolution
		HideSolutionNode = FALSE
	EndGlobalSection
EndGlobal
